
Microsoft Visual Studio Solution File, Format Version 12.00
# Visual Studio Version 16
VisualStudioVersion = 16.0.31729.503
MinimumVisualStudioVersion = 10.0.40219.1
Project("{9A19103F-16F7-4668-BE54-9A1E7A4F7556}") = "program1", "program1\program1.csproj", "{4E617C71-9FE1-452E-88D0-D79ED5D56703}"
EndProject
Project("{FAE04EC0-301F-11D3-BF4B-00C04F79EFBC}") = "ifelselesson", "ifelselesson\ifelselesson.csproj", "{7DBBEC0B-D41D-4A0D-8EC0-4361343907E6}"
EndProject
Global
	GlobalSection(SolutionConfigurationPlatforms) = preSolution
		Debug|Any CPU = Debug|Any CPU
		Release|Any CPU = Release|Any CPU
	EndGlobalSection
	GlobalSection(ProjectConfigurationPlatforms) = postSolution
		{4E617C71-9FE1-452E-88D0-D79ED5D56703}.Debug|Any CPU.ActiveCfg = Debug|Any CPU
		{4E617C71-9FE1-452E-88D0-D79ED5D56703}.Debug|Any CPU.Build.0 = Debug|Any CPU
		{4E617C71-9FE1-452E-88D0-D79ED5D56703}.Release|Any CPU.ActiveCfg = Release|Any CPU
		{4E617C71-9FE1-452E-88D0-D79ED5D56703}.Release|Any CPU.Build.0 = Release|Any CPU
		{7DBBEC0B-D41D-4A0D-8EC0-4361343907E6}.Debug|Any CPU.ActiveCfg = Debug|Any CPU
		{7DBBEC0B-D41D-4A0D-8EC0-4361343907E6}.Debug|Any CPU.Build.0 = Debug|Any CPU
		{7DBBEC0B-D41D-4A0D-8EC0-4361343907E6}.Release|Any CPU.ActiveCfg = Release|Any CPU
		{7DBBEC0B-D41D-4A0D-8EC0-4361343907E6}.Release|Any CPU.Build.0 = Release|Any CPU
	EndGlobalSection
	GlobalSection(SolutionProperties) = preSolution
		HideSolutionNode = FALSE
	EndGlobalSection
	GlobalSection(ExtensibilityGlobals) = postSolution
		SolutionGuid = {89344CE6-BD3C-4C58-BCDE-57A01ACEC1E9}
	EndGlobalSection
EndGlobal
